{
	"name": "@rbxts/rodux",
	"version": "3.0.0-ts.3",
	"lockfileVersion": 3,
	"requires": true,
	"packages": {
		"": {
			"name": "@rbxts/rodux",
			"version": "3.0.0-ts.3",
			"devDependencies": {
				"@rbxts/compiler-types": "^1.0.0-types.0",
				"@rbxts/types": "^1.0.729",
				"prettier": "^3.0.3"
			}
		},
		"node_modules/@rbxts/compiler-types": {
			"version": "1.0.0-types.0",
			"resolved": "https://registry.npmjs.org/@rbxts/compiler-types/-/compiler-types-1.0.0-types.0.tgz",
			"integrity": "sha512-DMYByLmapF5T04l1Jmg71BZNmR8sFhDt/aq9aV9X8JjnQimnCCBFK+FzdHh9Nx40D/o+k9vYn5aS58g8kISlYQ==",
			"dev": true
		},
		"node_modules/@rbxts/types": {
			"version": "1.0.729",
			"resolved": "https://registry.npmjs.org/@rbxts/types/-/types-1.0.729.tgz",
			"integrity": "sha512-Yqb9qjpwIABP33yqLWFVJZHArz7al84q/Gst88/lDh7LusXPgONl/hgr6kv01rVql4OBRLUvpNTqSl0nFm+kUg==",
			"dev": true
		},
		"node_modules/prettier": {
			"version": "3.0.3",
			"resolved": "https://registry.npmjs.org/prettier/-/prettier-3.0.3.tgz",
			"integrity": "sha512-L/4pUDMxcNa8R/EthV08Zt42WBO4h1rarVtK0K+QJG0X187OLo7l699jWw0GKuwzkPQ//jMFA/8Xm6Fh3J/DAg==",
			"dev": true,
			"bin": {
				"prettier": "bin/prettier.cjs"
			},
			"engines": {
				"node": ">=14"
			},
			"funding": {
				"url": "https://github.com/prettier/prettier?sponsor=1"
			}
		}
	}
}
